<?xml version="1.0" encoding="utf-8"?>
<Project ToolsVersion="4.0" xmlns="http://schemas.microsoft.com/developer/msbuild/2003">
  <ItemGroup>
    <CudaCompile Include="kernel_calls.cu" />
    <CudaCompile Include="main.cu" />
    <CudaCompile Include="kernels.cu" />
  </ItemGroup>
  <ItemGroup>
    <Filter Include="data">
      <UniqueIdentifier>{20b752f8-3a8b-45bd-a129-9b5e0dd12b6d}</UniqueIdentifier>
    </Filter>
    <Filter Include="report">
      <UniqueIdentifier>{da8fb407-cba0-4972-911e-dff3872685d7}</UniqueIdentifier>
    </Filter>
  </ItemGroup>
  <ItemGroup>
    <Text Include="data\google-10000-english-no-swears.txt">
      <Filter>data</Filter>
    </Text>
    <Text Include="data\large.txt">
      <Filter>data</Filter>
    </Text>
    <Text Include="data\medium.txt">
      <Filter>data</Filter>
    </Text>
    <Text Include="data\small.txt">
      <Filter>data</Filter>
    </Text>
    <Text Include="data\huge.txt">
      <Filter>data</Filter>
    </Text>
    <Text Include="README.md" />
  </ItemGroup>
  <ItemGroup>
    <ClInclude Include="kernels.cuh" />
    <ClInclude Include="kernel_calls.cuh" />
    <ClInclude Include="general.hpp" />
  </ItemGroup>
  <ItemGroup>
    <ClCompile Include="general.cpp" />
  </ItemGroup>
  <ItemGroup>
    <None Include="report\report_plain.ncu-rep">
      <Filter>report</Filter>
    </None>
    <None Include="report\report_preprocess.ncu-rep">
      <Filter>report</Filter>
    </None>
    <None Include="report\report_streams_preprocess.ncu-rep">
      <Filter>report</Filter>
    </None>
  </ItemGroup>
</Project>